<?xml version="1.0" encoding="utf-8"?>
<Project ToolsVersion="4.0" xmlns="http://schemas.microsoft.com/developer/msbuild/2003">
  <ItemGroup>
    <Filter Include="Decathect">
      <UniqueIdentifier>{0A4C9BC8-76B6-4F3F-BFF4-00E52B9E2D94}</UniqueIdentifier>
    </Filter>
    <Filter Include="Decathect\Events">
      <UniqueIdentifier>{AEC8753D-9AC1-948F-C3F3-7914AF4B749B}</UniqueIdentifier>
    </Filter>
    <Filter Include="Platform">
      <UniqueIdentifier>{2AC788B4-1694-E3BF-3FAD-D1672BD9184E}</UniqueIdentifier>
    </Filter>
    <Filter Include="Platform\Windows">
      <UniqueIdentifier>{64FBD71A-50F4-F66C-7926-DCF1657ED678}</UniqueIdentifier>
    </Filter>
  </ItemGroup>
  <ItemGroup>
    <ClInclude Include="src\Decathect.h" />
    <ClInclude Include="src\Decathect\Application.h">
      <Filter>Decathect</Filter>
    </ClInclude>
    <ClInclude Include="src\Decathect\Core.h">
      <Filter>Decathect</Filter>
    </ClInclude>
    <ClInclude Include="src\Decathect\EntryPoint.h">
      <Filter>Decathect</Filter>
    </ClInclude>
    <ClInclude Include="src\Decathect\Events\ApplicationEvent.h">
      <Filter>Decathect\Events</Filter>
    </ClInclude>
    <ClInclude Include="src\Decathect\Events\Event.h">
      <Filter>Decathect\Events</Filter>
    </ClInclude>
    <ClInclude Include="src\Decathect\Events\KeyEvent.h">
      <Filter>Decathect\Events</Filter>
    </ClInclude>
    <ClInclude Include="src\Decathect\Events\MouseEvent.h">
      <Filter>Decathect\Events</Filter>
    </ClInclude>
    <ClInclude Include="src\Decathect\Layer.h">
      <Filter>Decathect</Filter>
    </ClInclude>
    <ClInclude Include="src\Decathect\LayerStack.h">
      <Filter>Decathect</Filter>
    </ClInclude>
    <ClInclude Include="src\Decathect\Log.h">
      <Filter>Decathect</Filter>
    </ClInclude>
    <ClInclude Include="src\Decathect\Window.h">
      <Filter>Decathect</Filter>
    </ClInclude>
    <ClInclude Include="src\Platform\Windows\WindowsWindow.h">
      <Filter>Platform\Windows</Filter>
    </ClInclude>
    <ClInclude Include="src\dcthctpch.h" />
  </ItemGroup>
  <ItemGroup>
    <ClCompile Include="src\Decathect\Application.cpp">
      <Filter>Decathect</Filter>
    </ClCompile>
    <ClCompile Include="src\Decathect\Layer.cpp">
      <Filter>Decathect</Filter>
    </ClCompile>
    <ClCompile Include="src\Decathect\LayerStack.cpp">
      <Filter>Decathect</Filter>
    </ClCompile>
    <ClCompile Include="src\Decathect\Log.cpp">
      <Filter>Decathect</Filter>
    </ClCompile>
    <ClCompile Include="src\Platform\Windows\WindowsWindow.cpp">
      <Filter>Platform\Windows</Filter>
    </ClCompile>
    <ClCompile Include="src\dcthctpch.cpp" />
  </ItemGroup>
</Project>